
Microsoft Visual Studio Solution File, Format Version 12.00
# Visual Studio 15
VisualStudioVersion = 15.0.27428.2015
MinimumVisualStudioVersion = 10.0.40219.1
Project("{FAE04EC0-301F-11D3-BF4B-00C04F79EFBC}") = "GCC", "ImoDA\GCC.csproj", "{F9D8AE9B-4BB2-434C-B38F-CD54B6A7641E}"
EndProject
Global
	GlobalSection(SolutionConfigurationPlatforms) = preSolution
		Debug|Any CPU = Debug|Any CPU
		Release|Any CPU = Release|Any CPU
	EndGlobalSection
	GlobalSection(ProjectConfigurationPlatforms) = postSolution
		{F9D8AE9B-4BB2-434C-B38F-CD54B6A7641E}.Debug|Any CPU.ActiveCfg = Debug|Any CPU
		{F9D8AE9B-4BB2-434C-B38F-CD54B6A7641E}.Debug|Any CPU.Build.0 = Debug|Any CPU
		{F9D8AE9B-4BB2-434C-B38F-CD54B6A7641E}.Release|Any CPU.ActiveCfg = Release|Any CPU
		{F9D8AE9B-4BB2-434C-B38F-CD54B6A7641E}.Release|Any CPU.Build.0 = Release|Any CPU
	EndGlobalSection
	GlobalSection(SolutionProperties) = preSolution
		HideSolutionNode = FALSE
	EndGlobalSection
	GlobalSection(ExtensibilityGlobals) = postSolution
		SolutionGuid = {705C86F8-EE05-469A-A513-3B55B6D010C4}
	EndGlobalSection
EndGlobal
