
Microsoft Visual Studio Solution File, Format Version 12.00
# Visual Studio 15
VisualStudioVersion = 15.0.27703.2000
MinimumVisualStudioVersion = 10.0.40219.1
Project("{FAE04EC0-301F-11D3-BF4B-00C04F79EFBC}") = "GCC", "GCC\GCC.csproj", "{F92AEAFB-032B-4774-93F0-312ADFA0EA7A}"
EndProject
Global
	GlobalSection(SolutionConfigurationPlatforms) = preSolution
		Debug|Any CPU = Debug|Any CPU
		Release|Any CPU = Release|Any CPU
	EndGlobalSection
	GlobalSection(ProjectConfigurationPlatforms) = postSolution
		{F92AEAFB-032B-4774-93F0-312ADFA0EA7A}.Debug|Any CPU.ActiveCfg = Debug|Any CPU
		{F92AEAFB-032B-4774-93F0-312ADFA0EA7A}.Debug|Any CPU.Build.0 = Debug|Any CPU
		{F92AEAFB-032B-4774-93F0-312ADFA0EA7A}.Release|Any CPU.ActiveCfg = Release|Any CPU
		{F92AEAFB-032B-4774-93F0-312ADFA0EA7A}.Release|Any CPU.Build.0 = Release|Any CPU
	EndGlobalSection
	GlobalSection(SolutionProperties) = preSolution
		HideSolutionNode = FALSE
	EndGlobalSection
	GlobalSection(ExtensibilityGlobals) = postSolution
		SolutionGuid = {0B6E2AFA-926B-4764-8A48-AE5B84423950}
	EndGlobalSection
EndGlobal
